// !$*UTF8*$!
{
	archiveVersion = 1;
	classes = {
	};
	objectVersion = 77;
	objects = {

/* Begin PBXBuildFile section */
		022AE66EED110DA6E22524B9 /* BackfillService.swift in Sources */ = {isa = PBXBuildFile; fileRef = A185E3DABE45BFB2A2841296 /* BackfillService.swift */; };
		0DE13100F7E1CDD4A848244C /* NightLog.swift in Sources */ = {isa = PBXBuildFile; fileRef = 5F2C0E40B4FC1B5F9764031C /* NightLog.swift */; };
		135500F84D1BC3D950AD1815 /* RoamTheme.swift in Sources */ = {isa = PBXBuildFile; fileRef = 42F6EFE5C04BBCDEF9BFDDF1 /* RoamTheme.swift */; };
		184B69BA26427783634B861B /* QuickStatsRow.swift in Sources */ = {isa = PBXBuildFile; fileRef = F67CDC698821F03244B048F9 /* QuickStatsRow.swift */; };
		1F83049070C1A069782B8963 /* HighlightsGrid.swift in Sources */ = {isa = PBXBuildFile; fileRef = 31F25DCF3A3939AD86AD4553 /* HighlightsGrid.swift */; };
		207CFA38EBC84291A829F85A /* CalendarGridView.swift in Sources */ = {isa = PBXBuildFile; fileRef = E630A600F22424A78983ED2A /* CalendarGridView.swift */; };
		2293862100765F7BA574183A /* LocationValidationTests.swift in Sources */ = {isa = PBXBuildFile; fileRef = 88AF720A3F1A8AFAF528D559 /* LocationValidationTests.swift */; };
		257C9005F6C1998BAA2CA774 /* DataExportTests.swift in Sources */ = {isa = PBXBuildFile; fileRef = 2B83452B970024E3BA1C1E06 /* DataExportTests.swift */; };
		2710B99F9426F221581461E0 /* DayDetailSheet.swift in Sources */ = {isa = PBXBuildFile; fileRef = 4FC6EF82EA5D64961C0618FD /* DayDetailSheet.swift */; };
		283558DDA7874B63B4869437 /* NativeTabBarContainer.swift in Sources */ = {isa = PBXBuildFile; fileRef = 24DE514C16A949B23E949E33 /* NativeTabBarContainer.swift */; };
		29141037D2B4F8B207C1EFE2 /* BackgroundTaskService.swift in Sources */ = {isa = PBXBuildFile; fileRef = 81D67A2307B78BB5B0130643 /* BackgroundTaskService.swift */; };
		2F58DFD0E9141CE4608A77D9 /* YearOverYearView.swift in Sources */ = {isa = PBXBuildFile; fileRef = 0E0F64E8EA98CCC7B86A87F1 /* YearOverYearView.swift */; };
		387D97B9C9C5FADEE96010F6 /* MiniMonthGridView.swift in Sources */ = {isa = PBXBuildFile; fileRef = 85746F2EC5BF766F57464131 /* MiniMonthGridView.swift */; };
		45FEA24C9A0F3D0977A94A82 /* InsightsView.swift in Sources */ = {isa = PBXBuildFile; fileRef = 161355E300E961AC6947F70E /* InsightsView.swift */; };
		4AB82FA66BB533444D897559 /* OnboardingView.swift in Sources */ = {isa = PBXBuildFile; fileRef = F9D868ACDE0717F8AD4523DD /* OnboardingView.swift */; };
		5481C098BC3D13AC24D7EBC3 /* DataImportServiceTests.swift in Sources */ = {isa = PBXBuildFile; fileRef = 1E7743148F503481970D52BA /* DataImportServiceTests.swift */; };
		548F7A9523DFD7FB13D6995E /* ContentView.swift in Sources */ = {isa = PBXBuildFile; fileRef = 7A1D3A9470466B0ACE9F8CE3 /* ContentView.swift */; };
		57C6A2A2F4154CFF796A4F06 /* RoamTests.swift in Sources */ = {isa = PBXBuildFile; fileRef = DCB87FA04018026E1981F420 /* RoamTests.swift */; };
		5992C8E61D86C6986D989164 /* CityDisplayFormatterTests.swift in Sources */ = {isa = PBXBuildFile; fileRef = 29A77B7801B9C1F699E56789 /* CityDisplayFormatterTests.swift */; };
		5D9A8E5059726FB1889BCAF6 /* UserSettings.swift in Sources */ = {isa = PBXBuildFile; fileRef = BA84F0D90EF31DFF1AA98C14 /* UserSettings.swift */; };
		61FD25159B361F2E3C4719CA /* SignificantLocationService.swift in Sources */ = {isa = PBXBuildFile; fileRef = F599F069C99AF75FDF413E61 /* SignificantLocationService.swift */; };
		6649802A162459FB3173D0C3 /* YearSummaryBar.swift in Sources */ = {isa = PBXBuildFile; fileRef = AECD3C287711CA628B9824D9 /* YearSummaryBar.swift */; };
		66BE6A447C410D3C146E0E8B /* CityColor.swift in Sources */ = {isa = PBXBuildFile; fileRef = 04EA9C47D3A9C41530AB4684 /* CityColor.swift */; };
		66CDD90D71C97B0E216E75F7 /* SettingsView.swift in Sources */ = {isa = PBXBuildFile; fileRef = 73B468CC1768479756B40354 /* SettingsView.swift */; };
		67179C62483A18ECA29E1BD6 /* GrainBackground.swift in Sources */ = {isa = PBXBuildFile; fileRef = F6D7CA43E45C39FC47382F99 /* GrainBackground.swift */; };
		679A4B2690C44253292E39A6 /* CityDisplayFormatter.swift in Sources */ = {isa = PBXBuildFile; fileRef = 7627FC571437D796D019472E /* CityDisplayFormatter.swift */; };
		6CDEA7FBCEB746784DCC2D76 /* LogStatus.swift in Sources */ = {isa = PBXBuildFile; fileRef = 4F5CA8FAA3547C6DCBCBBE01 /* LogStatus.swift */; };
		6FE146D73EA61052BC262C22 /* CitySearchView.swift in Sources */ = {isa = PBXBuildFile; fileRef = 06BFA8009A22BA4D8C7357FF /* CitySearchView.swift */; };
		71B0F6BD5DE4A412AE2F0114 /* DateNormalization.swift in Sources */ = {isa = PBXBuildFile; fileRef = 7E0B1ECE2DC2A03A2062BCC1 /* DateNormalization.swift */; };
		73C9DC7552AD43AE7FFE2DE0 /* Assets.xcassets in Resources */ = {isa = PBXBuildFile; fileRef = B2856C63FFED2930C5E15AF5 /* Assets.xcassets */; };
		7B4E9326C95605459F6895A1 /* ColorPalette.swift in Sources */ = {isa = PBXBuildFile; fileRef = 213B5349FB94E1A2C401CC74 /* ColorPalette.swift */; };
		7C7939091A49F0B7E11FD5A4 /* CustomTabBar.swift in Sources */ = {isa = PBXBuildFile; fileRef = 6D3E05ECCE58EF60289D0502 /* CustomTabBar.swift */; };
		879C5CD335AA4ACA9C45DD85 /* LocationCaptureService.swift in Sources */ = {isa = PBXBuildFile; fileRef = BC8ABCCB1F8C28A401A4831A /* LocationCaptureService.swift */; };
		89BD48C7D72221F9B4F0A7D4 /* RoamApp.swift in Sources */ = {isa = PBXBuildFile; fileRef = A9AF33526A2A15F22EA0FD5C /* RoamApp.swift */; };
		8FCAB67D06A78874B66FF314 /* DataImportService.swift in Sources */ = {isa = PBXBuildFile; fileRef = 869AEC55168DE37DD3EC5624 /* DataImportService.swift */; };
		90FDDDF4C2346380FBFD0837 /* DayCell.swift in Sources */ = {isa = PBXBuildFile; fileRef = 4D7FF89B107B4B4154B20D9C /* DayCell.swift */; };
		911DD75B3BE6429067C09DB3 /* FlowLayout.swift in Sources */ = {isa = PBXBuildFile; fileRef = 824E0EF02F8A45DC8F52BDF6 /* FlowLayout.swift */; };
		9208A7F0FA8A35FC62430A99 /* AnalyticsService.swift in Sources */ = {isa = PBXBuildFile; fileRef = 778687BCAF748015DFE68915 /* AnalyticsService.swift */; };
		9CE4FD5AD7637F16624234D1 /* CaptureResultSaverTests.swift in Sources */ = {isa = PBXBuildFile; fileRef = C8F6EF6C7B88382F6E50BD98 /* CaptureResultSaverTests.swift */; };
		9F33C43995795018E6000775 /* AnalyticsServiceTests.swift in Sources */ = {isa = PBXBuildFile; fileRef = 63DDD65758488CE7F62C1F58 /* AnalyticsServiceTests.swift */; };
		9F4F09384F6FBBCF75ABC9A1 /* CaptureSource.swift in Sources */ = {isa = PBXBuildFile; fileRef = 3DE9FD917641ADA6EA9271A4 /* CaptureSource.swift */; };
		AC25A9DF61146D6642C14EB8 /* DashboardView.swift in Sources */ = {isa = PBXBuildFile; fileRef = 2D00E3E6D01547CE9B679052 /* DashboardView.swift */; };
		AF8FE20EBFF81E858C424C26 /* DeduplicationService.swift in Sources */ = {isa = PBXBuildFile; fileRef = 7E07135CDB115BE04D02FD04 /* DeduplicationService.swift */; };
		B3B65F4760C913CB20F71ABF /* TimelineView.swift in Sources */ = {isa = PBXBuildFile; fileRef = C72CE241E3B8CDD29B35059E /* TimelineView.swift */; };
		B9EEE152B2DA6466212A6164 /* UnresolvedBanner.swift in Sources */ = {isa = PBXBuildFile; fileRef = F9FCD0FC937244CF77D549C4 /* UnresolvedBanner.swift */; };
		BB6552613AEC50EEF56580EC /* UnresolvedResolutionView.swift in Sources */ = {isa = PBXBuildFile; fileRef = 64F7662D32B82233CD23108F /* UnresolvedResolutionView.swift */; };
		BC3DF2657B8E2FFB90621459 /* DataExportService.swift in Sources */ = {isa = PBXBuildFile; fileRef = 67200A60234C96471025090B /* DataExportService.swift */; };
		C27430F9DF134273B166D771 /* YearPicker.swift in Sources */ = {isa = PBXBuildFile; fileRef = FE09179968A6F28486086605 /* YearPicker.swift */; };
		C95DE86E5415A367B3247F47 /* SignificantLocationServiceTests.swift in Sources */ = {isa = PBXBuildFile; fileRef = DC20F392092EA72D0AAD7AC4 /* SignificantLocationServiceTests.swift */; };
		CB3ED5D334B5C037B81D57B8 /* UnresolvedFilter.swift in Sources */ = {isa = PBXBuildFile; fileRef = B645BA3A5C4B184DA801D31B /* UnresolvedFilter.swift */; };
		CBA165938F38E9E4E20CFA92 /* BackfillServiceTests.swift in Sources */ = {isa = PBXBuildFile; fileRef = FB43CA9A1D9486ED5637742C /* BackfillServiceTests.swift */; };
		CDDAA3EE818A11ED0D9337AC /* AllCitiesSheet.swift in Sources */ = {isa = PBXBuildFile; fileRef = 23864012AE9AA4481A21698F /* AllCitiesSheet.swift */; };
		D9F49F2A3DD709A589C88C59 /* TopCitiesList.swift in Sources */ = {isa = PBXBuildFile; fileRef = 96D54A9086E7CD8A895B1455 /* TopCitiesList.swift */; };
		DFA6AB5D55F1DF7BBA1AECAB /* DataImportView.swift in Sources */ = {isa = PBXBuildFile; fileRef = 34FFB29728864E0F7D0EF52E /* DataImportView.swift */; };
		E848A7CFF1E067DB73B9B33A /* DateNormalizationTests.swift in Sources */ = {isa = PBXBuildFile; fileRef = 911CF7149B8750ACD300CE36 /* DateNormalizationTests.swift */; };
		EAAF522E19A47CE945C3D35C /* MonthlyBreakdownChart.swift in Sources */ = {isa = PBXBuildFile; fileRef = D1C7CE7D50D291D8F077B727 /* MonthlyBreakdownChart.swift */; };
		EF6A4CE9DEB6D2FAB1FB1F17 /* CaptureResultSaver.swift in Sources */ = {isa = PBXBuildFile; fileRef = 5BA6369ADD7129C74EDC04D7 /* CaptureResultSaver.swift */; };
		EFA488C0CDDB8D136ECF393D /* UnresolvedFilterTests.swift in Sources */ = {isa = PBXBuildFile; fileRef = CB5F214DCE81E9A4C3C1E11D /* UnresolvedFilterTests.swift */; };
		F064E26ED7FCC1A9353B8FE2 /* DataExportView.swift in Sources */ = {isa = PBXBuildFile; fileRef = 76EC93ED423B3CE8910B4C61 /* DataExportView.swift */; };
		F3AD6860617159F9D6F8FFF3 /* DeduplicationServiceTests.swift in Sources */ = {isa = PBXBuildFile; fileRef = 43C11F9644281708616F2268 /* DeduplicationServiceTests.swift */; };
		F4787C5C6FC3DD7F1544085E /* YearDotGridView.swift in Sources */ = {isa = PBXBuildFile; fileRef = 409B51C0F0DD1105703B77C0 /* YearDotGridView.swift */; };
		F480F4976E853181D845E873 /* CurrentCityBanner.swift in Sources */ = {isa = PBXBuildFile; fileRef = BC4155DEDC8A5F93BAE9BA02 /* CurrentCityBanner.swift */; };
		F6E8E8C83FF482A91E54F8BF /* SwipeableTabContainer.swift in Sources */ = {isa = PBXBuildFile; fileRef = C7EB083CB08A7B66EC8B9C57 /* SwipeableTabContainer.swift */; };
/* End PBXBuildFile section */

/* Begin PBXContainerItemProxy section */
		0F33642480773581DC0B57AD /* PBXContainerItemProxy */ = {
			isa = PBXContainerItemProxy;
			containerPortal = 202E4D1F048AE05A40C0E322 /* Project object */;
			proxyType = 1;
			remoteGlobalIDString = A49CABD6800A4F8E97102169;
			remoteInfo = Roam;
		};
/* End PBXContainerItemProxy section */

/* Begin PBXFileReference section */
		04EA9C47D3A9C41530AB4684 /* CityColor.swift */ = {isa = PBXFileReference; lastKnownFileType = sourcecode.swift; path = CityColor.swift; sourceTree = "<group>"; };
		06BFA8009A22BA4D8C7357FF /* CitySearchView.swift */ = {isa = PBXFileReference; lastKnownFileType = sourcecode.swift; path = CitySearchView.swift; sourceTree = "<group>"; };
		0E0F64E8EA98CCC7B86A87F1 /* YearOverYearView.swift */ = {isa = PBXFileReference; lastKnownFileType = sourcecode.swift; path = YearOverYearView.swift; sourceTree = "<group>"; };
		108AE1705F106288F46ED85B /* Roam.entitlements */ = {isa = PBXFileReference; lastKnownFileType = text.plist.entitlements; path = Roam.entitlements; sourceTree = "<group>"; };
		161355E300E961AC6947F70E /* InsightsView.swift */ = {isa = PBXFileReference; lastKnownFileType = sourcecode.swift; path = InsightsView.swift; sourceTree = "<group>"; };
		1E7743148F503481970D52BA /* DataImportServiceTests.swift */ = {isa = PBXFileReference; lastKnownFileType = sourcecode.swift; path = DataImportServiceTests.swift; sourceTree = "<group>"; };
		213B5349FB94E1A2C401CC74 /* ColorPalette.swift */ = {isa = PBXFileReference; lastKnownFileType = sourcecode.swift; path = ColorPalette.swift; sourceTree = "<group>"; };
		23864012AE9AA4481A21698F /* AllCitiesSheet.swift */ = {isa = PBXFileReference; lastKnownFileType = sourcecode.swift; path = AllCitiesSheet.swift; sourceTree = "<group>"; };
		24DE514C16A949B23E949E33 /* NativeTabBarContainer.swift */ = {isa = PBXFileReference; lastKnownFileType = sourcecode.swift; path = NativeTabBarContainer.swift; sourceTree = "<group>"; };
		29A77B7801B9C1F699E56789 /* CityDisplayFormatterTests.swift */ = {isa = PBXFileReference; lastKnownFileType = sourcecode.swift; path = CityDisplayFormatterTests.swift; sourceTree = "<group>"; };
		2B83452B970024E3BA1C1E06 /* DataExportTests.swift */ = {isa = PBXFileReference; lastKnownFileType = sourcecode.swift; path = DataExportTests.swift; sourceTree = "<group>"; };
		2D00E3E6D01547CE9B679052 /* DashboardView.swift */ = {isa = PBXFileReference; lastKnownFileType = sourcecode.swift; path = DashboardView.swift; sourceTree = "<group>"; };
		31F25DCF3A3939AD86AD4553 /* HighlightsGrid.swift */ = {isa = PBXFileReference; lastKnownFileType = sourcecode.swift; path = HighlightsGrid.swift; sourceTree = "<group>"; };
		34FFB29728864E0F7D0EF52E /* DataImportView.swift */ = {isa = PBXFileReference; lastKnownFileType = sourcecode.swift; path = DataImportView.swift; sourceTree = "<group>"; };
		3DE9FD917641ADA6EA9271A4 /* CaptureSource.swift */ = {isa = PBXFileReference; lastKnownFileType = sourcecode.swift; path = CaptureSource.swift; sourceTree = "<group>"; };
		409B51C0F0DD1105703B77C0 /* YearDotGridView.swift */ = {isa = PBXFileReference; lastKnownFileType = sourcecode.swift; path = YearDotGridView.swift; sourceTree = "<group>"; };
		42F6EFE5C04BBCDEF9BFDDF1 /* RoamTheme.swift */ = {isa = PBXFileReference; lastKnownFileType = sourcecode.swift; path = RoamTheme.swift; sourceTree = "<group>"; };
		43C11F9644281708616F2268 /* DeduplicationServiceTests.swift */ = {isa = PBXFileReference; lastKnownFileType = sourcecode.swift; path = DeduplicationServiceTests.swift; sourceTree = "<group>"; };
		451BDBADFD229CF00F91E911 /* RoamTests.xctest */ = {isa = PBXFileReference; includeInIndex = 0; lastKnownFileType = wrapper.cfbundle; path = RoamTests.xctest; sourceTree = BUILT_PRODUCTS_DIR; };
		4D7FF89B107B4B4154B20D9C /* DayCell.swift */ = {isa = PBXFileReference; lastKnownFileType = sourcecode.swift; path = DayCell.swift; sourceTree = "<group>"; };
		4F5CA8FAA3547C6DCBCBBE01 /* LogStatus.swift */ = {isa = PBXFileReference; lastKnownFileType = sourcecode.swift; path = LogStatus.swift; sourceTree = "<group>"; };
		4FC6EF82EA5D64961C0618FD /* DayDetailSheet.swift */ = {isa = PBXFileReference; lastKnownFileType = sourcecode.swift; path = DayDetailSheet.swift; sourceTree = "<group>"; };
		5BA6369ADD7129C74EDC04D7 /* CaptureResultSaver.swift */ = {isa = PBXFileReference; lastKnownFileType = sourcecode.swift; path = CaptureResultSaver.swift; sourceTree = "<group>"; };
		5F2C0E40B4FC1B5F9764031C /* NightLog.swift */ = {isa = PBXFileReference; lastKnownFileType = sourcecode.swift; path = NightLog.swift; sourceTree = "<group>"; };
		63DDD65758488CE7F62C1F58 /* AnalyticsServiceTests.swift */ = {isa = PBXFileReference; lastKnownFileType = sourcecode.swift; path = AnalyticsServiceTests.swift; sourceTree = "<group>"; };
		64F7662D32B82233CD23108F /* UnresolvedResolutionView.swift */ = {isa = PBXFileReference; lastKnownFileType = sourcecode.swift; path = UnresolvedResolutionView.swift; sourceTree = "<group>"; };
		67200A60234C96471025090B /* DataExportService.swift */ = {isa = PBXFileReference; lastKnownFileType = sourcecode.swift; path = DataExportService.swift; sourceTree = "<group>"; };
		6D050F4B9DC635F3333C47DA /* Roam.app */ = {isa = PBXFileReference; includeInIndex = 0; lastKnownFileType = wrapper.application; path = Roam.app; sourceTree = BUILT_PRODUCTS_DIR; };
		6D3E05ECCE58EF60289D0502 /* CustomTabBar.swift */ = {isa = PBXFileReference; lastKnownFileType = sourcecode.swift; path = CustomTabBar.swift; sourceTree = "<group>"; };
		73B468CC1768479756B40354 /* SettingsView.swift */ = {isa = PBXFileReference; lastKnownFileType = sourcecode.swift; path = SettingsView.swift; sourceTree = "<group>"; };
		7627FC571437D796D019472E /* CityDisplayFormatter.swift */ = {isa = PBXFileReference; lastKnownFileType = sourcecode.swift; path = CityDisplayFormatter.swift; sourceTree = "<group>"; };
		76EC93ED423B3CE8910B4C61 /* DataExportView.swift */ = {isa = PBXFileReference; lastKnownFileType = sourcecode.swift; path = DataExportView.swift; sourceTree = "<group>"; };
		778687BCAF748015DFE68915 /* AnalyticsService.swift */ = {isa = PBXFileReference; lastKnownFileType = sourcecode.swift; path = AnalyticsService.swift; sourceTree = "<group>"; };
		7A1D3A9470466B0ACE9F8CE3 /* ContentView.swift */ = {isa = PBXFileReference; lastKnownFileType = sourcecode.swift; path = ContentView.swift; sourceTree = "<group>"; };
		7E07135CDB115BE04D02FD04 /* DeduplicationService.swift */ = {isa = PBXFileReference; lastKnownFileType = sourcecode.swift; path = DeduplicationService.swift; sourceTree = "<group>"; };
		7E0B1ECE2DC2A03A2062BCC1 /* DateNormalization.swift */ = {isa = PBXFileReference; lastKnownFileType = sourcecode.swift; path = DateNormalization.swift; sourceTree = "<group>"; };
		81D67A2307B78BB5B0130643 /* BackgroundTaskService.swift */ = {isa = PBXFileReference; lastKnownFileType = sourcecode.swift; path = BackgroundTaskService.swift; sourceTree = "<group>"; };
		824E0EF02F8A45DC8F52BDF6 /* FlowLayout.swift */ = {isa = PBXFileReference; lastKnownFileType = sourcecode.swift; path = FlowLayout.swift; sourceTree = "<group>"; };
		85746F2EC5BF766F57464131 /* MiniMonthGridView.swift */ = {isa = PBXFileReference; lastKnownFileType = sourcecode.swift; path = MiniMonthGridView.swift; sourceTree = "<group>"; };
		869AEC55168DE37DD3EC5624 /* DataImportService.swift */ = {isa = PBXFileReference; lastKnownFileType = sourcecode.swift; path = DataImportService.swift; sourceTree = "<group>"; };
		88AF720A3F1A8AFAF528D559 /* LocationValidationTests.swift */ = {isa = PBXFileReference; lastKnownFileType = sourcecode.swift; path = LocationValidationTests.swift; sourceTree = "<group>"; };
		911CF7149B8750ACD300CE36 /* DateNormalizationTests.swift */ = {isa = PBXFileReference; lastKnownFileType = sourcecode.swift; path = DateNormalizationTests.swift; sourceTree = "<group>"; };
		96D54A9086E7CD8A895B1455 /* TopCitiesList.swift */ = {isa = PBXFileReference; lastKnownFileType = sourcecode.swift; path = TopCitiesList.swift; sourceTree = "<group>"; };
		A185E3DABE45BFB2A2841296 /* BackfillService.swift */ = {isa = PBXFileReference; lastKnownFileType = sourcecode.swift; path = BackfillService.swift; sourceTree = "<group>"; };
		A24B7CDA85945C212A2CD117 /* Info.plist */ = {isa = PBXFileReference; lastKnownFileType = text.plist; path = Info.plist; sourceTree = "<group>"; };
		A9AF33526A2A15F22EA0FD5C /* RoamApp.swift */ = {isa = PBXFileReference; lastKnownFileType = sourcecode.swift; path = RoamApp.swift; sourceTree = "<group>"; };
		AECD3C287711CA628B9824D9 /* YearSummaryBar.swift */ = {isa = PBXFileReference; lastKnownFileType = sourcecode.swift; path = YearSummaryBar.swift; sourceTree = "<group>"; };
		B2856C63FFED2930C5E15AF5 /* Assets.xcassets */ = {isa = PBXFileReference; lastKnownFileType = folder.assetcatalog; path = Assets.xcassets; sourceTree = "<group>"; };
		B645BA3A5C4B184DA801D31B /* UnresolvedFilter.swift */ = {isa = PBXFileReference; lastKnownFileType = sourcecode.swift; path = UnresolvedFilter.swift; sourceTree = "<group>"; };
		BA84F0D90EF31DFF1AA98C14 /* UserSettings.swift */ = {isa = PBXFileReference; lastKnownFileType = sourcecode.swift; path = UserSettings.swift; sourceTree = "<group>"; };
		BC4155DEDC8A5F93BAE9BA02 /* CurrentCityBanner.swift */ = {isa = PBXFileReference; lastKnownFileType = sourcecode.swift; path = CurrentCityBanner.swift; sourceTree = "<group>"; };
		BC8ABCCB1F8C28A401A4831A /* LocationCaptureService.swift */ = {isa = PBXFileReference; lastKnownFileType = sourcecode.swift; path = LocationCaptureService.swift; sourceTree = "<group>"; };
		C72CE241E3B8CDD29B35059E /* TimelineView.swift */ = {isa = PBXFileReference; lastKnownFileType = sourcecode.swift; path = TimelineView.swift; sourceTree = "<group>"; };
		C7EB083CB08A7B66EC8B9C57 /* SwipeableTabContainer.swift */ = {isa = PBXFileReference; lastKnownFileType = sourcecode.swift; path = SwipeableTabContainer.swift; sourceTree = "<group>"; };
		C8F6EF6C7B88382F6E50BD98 /* CaptureResultSaverTests.swift */ = {isa = PBXFileReference; lastKnownFileType = sourcecode.swift; path = CaptureResultSaverTests.swift; sourceTree = "<group>"; };
		CB5F214DCE81E9A4C3C1E11D /* UnresolvedFilterTests.swift */ = {isa = PBXFileReference; lastKnownFileType = sourcecode.swift; path = UnresolvedFilterTests.swift; sourceTree = "<group>"; };
		D1C7CE7D50D291D8F077B727 /* MonthlyBreakdownChart.swift */ = {isa = PBXFileReference; lastKnownFileType = sourcecode.swift; path = MonthlyBreakdownChart.swift; sourceTree = "<group>"; };
		DC20F392092EA72D0AAD7AC4 /* SignificantLocationServiceTests.swift */ = {isa = PBXFileReference; lastKnownFileType = sourcecode.swift; path = SignificantLocationServiceTests.swift; sourceTree = "<group>"; };
		DCB87FA04018026E1981F420 /* RoamTests.swift */ = {isa = PBXFileReference; lastKnownFileType = sourcecode.swift; path = RoamTests.swift; sourceTree = "<group>"; };
		DE7CBA279D973D46AF45F0DE /* BuildNumber.xcconfig */ = {isa = PBXFileReference; lastKnownFileType = text.xcconfig; path = BuildNumber.xcconfig; sourceTree = "<group>"; };
		E630A600F22424A78983ED2A /* CalendarGridView.swift */ = {isa = PBXFileReference; lastKnownFileType = sourcecode.swift; path = CalendarGridView.swift; sourceTree = "<group>"; };
		F599F069C99AF75FDF413E61 /* SignificantLocationService.swift */ = {isa = PBXFileReference; lastKnownFileType = sourcecode.swift; path = SignificantLocationService.swift; sourceTree = "<group>"; };
		F67CDC698821F03244B048F9 /* QuickStatsRow.swift */ = {isa = PBXFileReference; lastKnownFileType = sourcecode.swift; path = QuickStatsRow.swift; sourceTree = "<group>"; };
		F6D7CA43E45C39FC47382F99 /* GrainBackground.swift */ = {isa = PBXFileReference; lastKnownFileType = sourcecode.swift; path = GrainBackground.swift; sourceTree = "<group>"; };
		F9D868ACDE0717F8AD4523DD /* OnboardingView.swift */ = {isa = PBXFileReference; lastKnownFileType = sourcecode.swift; path = OnboardingView.swift; sourceTree = "<group>"; };
		F9FCD0FC937244CF77D549C4 /* UnresolvedBanner.swift */ = {isa = PBXFileReference; lastKnownFileType = sourcecode.swift; path = UnresolvedBanner.swift; sourceTree = "<group>"; };
		FB43CA9A1D9486ED5637742C /* BackfillServiceTests.swift */ = {isa = PBXFileReference; lastKnownFileType = sourcecode.swift; path = BackfillServiceTests.swift; sourceTree = "<group>"; };
		FE09179968A6F28486086605 /* YearPicker.swift */ = {isa = PBXFileReference; lastKnownFileType = sourcecode.swift; path = YearPicker.swift; sourceTree = "<group>"; };
/* End PBXFileReference section */

/* Begin PBXGroup section */
		135A3CAE881E126451D14CB9 /* RoamTests */ = {
			isa = PBXGroup;
			children = (
				63DDD65758488CE7F62C1F58 /* AnalyticsServiceTests.swift */,
				FB43CA9A1D9486ED5637742C /* BackfillServiceTests.swift */,
				C8F6EF6C7B88382F6E50BD98 /* CaptureResultSaverTests.swift */,
				29A77B7801B9C1F699E56789 /* CityDisplayFormatterTests.swift */,
				2B83452B970024E3BA1C1E06 /* DataExportTests.swift */,
				1E7743148F503481970D52BA /* DataImportServiceTests.swift */,
				911CF7149B8750ACD300CE36 /* DateNormalizationTests.swift */,
				43C11F9644281708616F2268 /* DeduplicationServiceTests.swift */,
				88AF720A3F1A8AFAF528D559 /* LocationValidationTests.swift */,
				DCB87FA04018026E1981F420 /* RoamTests.swift */,
				DC20F392092EA72D0AAD7AC4 /* SignificantLocationServiceTests.swift */,
				CB5F214DCE81E9A4C3C1E11D /* UnresolvedFilterTests.swift */,
			);
			path = RoamTests;
			sourceTree = "<group>";
		};
		377AE598509A96B7AE553197 /* Services */ = {
			isa = PBXGroup;
			children = (
				778687BCAF748015DFE68915 /* AnalyticsService.swift */,
				A185E3DABE45BFB2A2841296 /* BackfillService.swift */,
				81D67A2307B78BB5B0130643 /* BackgroundTaskService.swift */,
				5BA6369ADD7129C74EDC04D7 /* CaptureResultSaver.swift */,
				7627FC571437D796D019472E /* CityDisplayFormatter.swift */,
				67200A60234C96471025090B /* DataExportService.swift */,
				869AEC55168DE37DD3EC5624 /* DataImportService.swift */,
				7E0B1ECE2DC2A03A2062BCC1 /* DateNormalization.swift */,
				7E07135CDB115BE04D02FD04 /* DeduplicationService.swift */,
				BC8ABCCB1F8C28A401A4831A /* LocationCaptureService.swift */,
				F599F069C99AF75FDF413E61 /* SignificantLocationService.swift */,
				B645BA3A5C4B184DA801D31B /* UnresolvedFilter.swift */,
			);
			path = Services;
			sourceTree = "<group>";
		};
		438C33047979288FBE168EC8 /* Roam */ = {
			isa = PBXGroup;
			children = (
				B2856C63FFED2930C5E15AF5 /* Assets.xcassets */,
				7A1D3A9470466B0ACE9F8CE3 /* ContentView.swift */,
				A24B7CDA85945C212A2CD117 /* Info.plist */,
				108AE1705F106288F46ED85B /* Roam.entitlements */,
				A9AF33526A2A15F22EA0FD5C /* RoamApp.swift */,
				8365777AEFE0403030977887 /* Models */,
				377AE598509A96B7AE553197 /* Services */,
				BDF6605B0377EFF74EDA7BD8 /* Utilities */,
				E4B683DF3DB5247E5F3B0B71 /* Views */,
			);
			path = Roam;
			sourceTree = "<group>";
		};
		62C5C29B34C364583E31ADCD /* Shared */ = {
			isa = PBXGroup;
			children = (
				23864012AE9AA4481A21698F /* AllCitiesSheet.swift */,
				6D3E05ECCE58EF60289D0502 /* CustomTabBar.swift */,
				824E0EF02F8A45DC8F52BDF6 /* FlowLayout.swift */,
				F6D7CA43E45C39FC47382F99 /* GrainBackground.swift */,
				24DE514C16A949B23E949E33 /* NativeTabBarContainer.swift */,
				C7EB083CB08A7B66EC8B9C57 /* SwipeableTabContainer.swift */,
				F9FCD0FC937244CF77D549C4 /* UnresolvedBanner.swift */,
				64F7662D32B82233CD23108F /* UnresolvedResolutionView.swift */,
			);
			path = Shared;
			sourceTree = "<group>";
		};
		6508110B36B56700C7AE3BCD /* Onboarding */ = {
			isa = PBXGroup;
			children = (
				F9D868ACDE0717F8AD4523DD /* OnboardingView.swift */,
			);
			path = Onboarding;
			sourceTree = "<group>";
		};
		72250E95136D29A8DB60CEFF /* Settings */ = {
			isa = PBXGroup;
			children = (
				06BFA8009A22BA4D8C7357FF /* CitySearchView.swift */,
				76EC93ED423B3CE8910B4C61 /* DataExportView.swift */,
				34FFB29728864E0F7D0EF52E /* DataImportView.swift */,
				73B468CC1768479756B40354 /* SettingsView.swift */,
			);
			path = Settings;
			sourceTree = "<group>";
		};
		8365777AEFE0403030977887 /* Models */ = {
			isa = PBXGroup;
			children = (
				3DE9FD917641ADA6EA9271A4 /* CaptureSource.swift */,
				04EA9C47D3A9C41530AB4684 /* CityColor.swift */,
				4F5CA8FAA3547C6DCBCBBE01 /* LogStatus.swift */,
				5F2C0E40B4FC1B5F9764031C /* NightLog.swift */,
				BA84F0D90EF31DFF1AA98C14 /* UserSettings.swift */,
			);
			path = Models;
			sourceTree = "<group>";
		};
		8F18D0BE5C77A9D484926A28 /* Config */ = {
			isa = PBXGroup;
			children = (
				DE7CBA279D973D46AF45F0DE /* BuildNumber.xcconfig */,
			);
			path = Config;
			sourceTree = "<group>";
		};
		8FCEAE4E62B1AEB4E4093DDC /* Products */ = {
			isa = PBXGroup;
			children = (
				6D050F4B9DC635F3333C47DA /* Roam.app */,
				451BDBADFD229CF00F91E911 /* RoamTests.xctest */,
			);
			name = Products;
			sourceTree = "<group>";
		};
		A9C3AF2C3746CFCBC346EEB4 = {
			isa = PBXGroup;
			children = (
				8F18D0BE5C77A9D484926A28 /* Config */,
				438C33047979288FBE168EC8 /* Roam */,
				135A3CAE881E126451D14CB9 /* RoamTests */,
				8FCEAE4E62B1AEB4E4093DDC /* Products */,
			);
			sourceTree = "<group>";
		};
		AB797D1AD10F5BED17516B74 /* Timeline */ = {
			isa = PBXGroup;
			children = (
				E630A600F22424A78983ED2A /* CalendarGridView.swift */,
				4D7FF89B107B4B4154B20D9C /* DayCell.swift */,
				4FC6EF82EA5D64961C0618FD /* DayDetailSheet.swift */,
				85746F2EC5BF766F57464131 /* MiniMonthGridView.swift */,
				C72CE241E3B8CDD29B35059E /* TimelineView.swift */,
				409B51C0F0DD1105703B77C0 /* YearDotGridView.swift */,
			);
			path = Timeline;
			sourceTree = "<group>";
		};
		AFAB2C4AD0C8279DBF838EA5 /* Dashboard */ = {
			isa = PBXGroup;
			children = (
				BC4155DEDC8A5F93BAE9BA02 /* CurrentCityBanner.swift */,
				2D00E3E6D01547CE9B679052 /* DashboardView.swift */,
				F67CDC698821F03244B048F9 /* QuickStatsRow.swift */,
				96D54A9086E7CD8A895B1455 /* TopCitiesList.swift */,
				AECD3C287711CA628B9824D9 /* YearSummaryBar.swift */,
			);
			path = Dashboard;
			sourceTree = "<group>";
		};
		BDF6605B0377EFF74EDA7BD8 /* Utilities */ = {
			isa = PBXGroup;
			children = (
				213B5349FB94E1A2C401CC74 /* ColorPalette.swift */,
				42F6EFE5C04BBCDEF9BFDDF1 /* RoamTheme.swift */,
			);
			path = Utilities;
			sourceTree = "<group>";
		};
		E434D46ED5F58232E1C1E082 /* Insights */ = {
			isa = PBXGroup;
			children = (
				31F25DCF3A3939AD86AD4553 /* HighlightsGrid.swift */,
				161355E300E961AC6947F70E /* InsightsView.swift */,
				D1C7CE7D50D291D8F077B727 /* MonthlyBreakdownChart.swift */,
				0E0F64E8EA98CCC7B86A87F1 /* YearOverYearView.swift */,
				FE09179968A6F28486086605 /* YearPicker.swift */,
			);
			path = Insights;
			sourceTree = "<group>";
		};
		E4B683DF3DB5247E5F3B0B71 /* Views */ = {
			isa = PBXGroup;
			children = (
				AFAB2C4AD0C8279DBF838EA5 /* Dashboard */,
				E434D46ED5F58232E1C1E082 /* Insights */,
				6508110B36B56700C7AE3BCD /* Onboarding */,
				72250E95136D29A8DB60CEFF /* Settings */,
				62C5C29B34C364583E31ADCD /* Shared */,
				AB797D1AD10F5BED17516B74 /* Timeline */,
			);
			path = Views;
			sourceTree = "<group>";
		};
/* End PBXGroup section */

/* Begin PBXNativeTarget section */
		4E3725E761AA39D7D9374F8F /* RoamTests */ = {
			isa = PBXNativeTarget;
			buildConfigurationList = FA17E718D4DFDB74D2BC8AFF /* Build configuration list for PBXNativeTarget "RoamTests" */;
			buildPhases = (
				C3D7277942EC6938A94D1DF2 /* Sources */,
			);
			buildRules = (
			);
			dependencies = (
				9291B6D94C22A3539979DDAF /* PBXTargetDependency */,
			);
			name = RoamTests;
			packageProductDependencies = (
			);
			productName = RoamTests;
			productReference = 451BDBADFD229CF00F91E911 /* RoamTests.xctest */;
			productType = "com.apple.product-type.bundle.unit-test";
		};
		A49CABD6800A4F8E97102169 /* Roam */ = {
			isa = PBXNativeTarget;
			buildConfigurationList = 737077FD0E13D691AA91C275 /* Build configuration list for PBXNativeTarget "Roam" */;
			buildPhases = (
				D799E5C55723969E260F9A2B /* Sources */,
				9ED31B9E58168803ADAB20C1 /* Resources */,
			);
			buildRules = (
			);
			dependencies = (
			);
			name = Roam;
			packageProductDependencies = (
			);
			productName = Roam;
			productReference = 6D050F4B9DC635F3333C47DA /* Roam.app */;
			productType = "com.apple.product-type.application";
		};
/* End PBXNativeTarget section */

/* Begin PBXProject section */
		202E4D1F048AE05A40C0E322 /* Project object */ = {
			isa = PBXProject;
			attributes = {
				BuildIndependentTargetsInParallel = YES;
				LastUpgradeCheck = 1600;
				TargetAttributes = {
					A49CABD6800A4F8E97102169 = {
						DevelopmentTeam = VSB9363427;
						SystemCapabilities = "[\"com.apple.iCloud\": [\"enabled\": 1]]";
					};
				};
			};
			buildConfigurationList = CEABB1BC301B9627E62F06FE /* Build configuration list for PBXProject "Roam" */;
			developmentRegion = en;
			hasScannedForEncodings = 0;
			knownRegions = (
				Base,
				en,
			);
			mainGroup = A9C3AF2C3746CFCBC346EEB4;
			minimizedProjectReferenceProxies = 1;
			preferredProjectObjectVersion = 77;
			productRefGroup = 8FCEAE4E62B1AEB4E4093DDC /* Products */;
			projectDirPath = "";
			projectRoot = "";
			targets = (
				A49CABD6800A4F8E97102169 /* Roam */,
				4E3725E761AA39D7D9374F8F /* RoamTests */,
			);
		};
/* End PBXProject section */

/* Begin PBXResourcesBuildPhase section */
		9ED31B9E58168803ADAB20C1 /* Resources */ = {
			isa = PBXResourcesBuildPhase;
			buildActionMask = 2147483647;
			files = (
				73C9DC7552AD43AE7FFE2DE0 /* Assets.xcassets in Resources */,
			);
			runOnlyForDeploymentPostprocessing = 0;
		};
/* End PBXResourcesBuildPhase section */

/* Begin PBXSourcesBuildPhase section */
		C3D7277942EC6938A94D1DF2 /* Sources */ = {
			isa = PBXSourcesBuildPhase;
			buildActionMask = 2147483647;
			files = (
				9F33C43995795018E6000775 /* AnalyticsServiceTests.swift in Sources */,
				CBA165938F38E9E4E20CFA92 /* BackfillServiceTests.swift in Sources */,
				9CE4FD5AD7637F16624234D1 /* CaptureResultSaverTests.swift in Sources */,
				5992C8E61D86C6986D989164 /* CityDisplayFormatterTests.swift in Sources */,
				257C9005F6C1998BAA2CA774 /* DataExportTests.swift in Sources */,
				5481C098BC3D13AC24D7EBC3 /* DataImportServiceTests.swift in Sources */,
				E848A7CFF1E067DB73B9B33A /* DateNormalizationTests.swift in Sources */,
				F3AD6860617159F9D6F8FFF3 /* DeduplicationServiceTests.swift in Sources */,
				2293862100765F7BA574183A /* LocationValidationTests.swift in Sources */,
				57C6A2A2F4154CFF796A4F06 /* RoamTests.swift in Sources */,
				C95DE86E5415A367B3247F47 /* SignificantLocationServiceTests.swift in Sources */,
				EFA488C0CDDB8D136ECF393D /* UnresolvedFilterTests.swift in Sources */,
			);
			runOnlyForDeploymentPostprocessing = 0;
		};
		D799E5C55723969E260F9A2B /* Sources */ = {
			isa = PBXSourcesBuildPhase;
			buildActionMask = 2147483647;
			files = (
				CDDAA3EE818A11ED0D9337AC /* AllCitiesSheet.swift in Sources */,
				9208A7F0FA8A35FC62430A99 /* AnalyticsService.swift in Sources */,
				022AE66EED110DA6E22524B9 /* BackfillService.swift in Sources */,
				29141037D2B4F8B207C1EFE2 /* BackgroundTaskService.swift in Sources */,
				207CFA38EBC84291A829F85A /* CalendarGridView.swift in Sources */,
				EF6A4CE9DEB6D2FAB1FB1F17 /* CaptureResultSaver.swift in Sources */,
				9F4F09384F6FBBCF75ABC9A1 /* CaptureSource.swift in Sources */,
				66BE6A447C410D3C146E0E8B /* CityColor.swift in Sources */,
				679A4B2690C44253292E39A6 /* CityDisplayFormatter.swift in Sources */,
				6FE146D73EA61052BC262C22 /* CitySearchView.swift in Sources */,
				7B4E9326C95605459F6895A1 /* ColorPalette.swift in Sources */,
				548F7A9523DFD7FB13D6995E /* ContentView.swift in Sources */,
				F480F4976E853181D845E873 /* CurrentCityBanner.swift in Sources */,
				7C7939091A49F0B7E11FD5A4 /* CustomTabBar.swift in Sources */,
				AC25A9DF61146D6642C14EB8 /* DashboardView.swift in Sources */,
				BC3DF2657B8E2FFB90621459 /* DataExportService.swift in Sources */,
				F064E26ED7FCC1A9353B8FE2 /* DataExportView.swift in Sources */,
				8FCAB67D06A78874B66FF314 /* DataImportService.swift in Sources */,
				DFA6AB5D55F1DF7BBA1AECAB /* DataImportView.swift in Sources */,
				71B0F6BD5DE4A412AE2F0114 /* DateNormalization.swift in Sources */,
				90FDDDF4C2346380FBFD0837 /* DayCell.swift in Sources */,
				2710B99F9426F221581461E0 /* DayDetailSheet.swift in Sources */,
				AF8FE20EBFF81E858C424C26 /* DeduplicationService.swift in Sources */,
				911DD75B3BE6429067C09DB3 /* FlowLayout.swift in Sources */,
				67179C62483A18ECA29E1BD6 /* GrainBackground.swift in Sources */,
				1F83049070C1A069782B8963 /* HighlightsGrid.swift in Sources */,
				45FEA24C9A0F3D0977A94A82 /* InsightsView.swift in Sources */,
				879C5CD335AA4ACA9C45DD85 /* LocationCaptureService.swift in Sources */,
				6CDEA7FBCEB746784DCC2D76 /* LogStatus.swift in Sources */,
				387D97B9C9C5FADEE96010F6 /* MiniMonthGridView.swift in Sources */,
				EAAF522E19A47CE945C3D35C /* MonthlyBreakdownChart.swift in Sources */,
				283558DDA7874B63B4869437 /* NativeTabBarContainer.swift in Sources */,
				0DE13100F7E1CDD4A848244C /* NightLog.swift in Sources */,
				4AB82FA66BB533444D897559 /* OnboardingView.swift in Sources */,
				184B69BA26427783634B861B /* QuickStatsRow.swift in Sources */,
				89BD48C7D72221F9B4F0A7D4 /* RoamApp.swift in Sources */,
				135500F84D1BC3D950AD1815 /* RoamTheme.swift in Sources */,
				66CDD90D71C97B0E216E75F7 /* SettingsView.swift in Sources */,
				61FD25159B361F2E3C4719CA /* SignificantLocationService.swift in Sources */,
				F6E8E8C83FF482A91E54F8BF /* SwipeableTabContainer.swift in Sources */,
				B3B65F4760C913CB20F71ABF /* TimelineView.swift in Sources */,
				D9F49F2A3DD709A589C88C59 /* TopCitiesList.swift in Sources */,
				B9EEE152B2DA6466212A6164 /* UnresolvedBanner.swift in Sources */,
				CB3ED5D334B5C037B81D57B8 /* UnresolvedFilter.swift in Sources */,
				BB6552613AEC50EEF56580EC /* UnresolvedResolutionView.swift in Sources */,
				5D9A8E5059726FB1889BCAF6 /* UserSettings.swift in Sources */,
				F4787C5C6FC3DD7F1544085E /* YearDotGridView.swift in Sources */,
				2F58DFD0E9141CE4608A77D9 /* YearOverYearView.swift in Sources */,
				C27430F9DF134273B166D771 /* YearPicker.swift in Sources */,
				6649802A162459FB3173D0C3 /* YearSummaryBar.swift in Sources */,
			);
			runOnlyForDeploymentPostprocessing = 0;
		};
/* End PBXSourcesBuildPhase section */

/* Begin PBXTargetDependency section */
		9291B6D94C22A3539979DDAF /* PBXTargetDependency */ = {
			isa = PBXTargetDependency;
			target = A49CABD6800A4F8E97102169 /* Roam */;
			targetProxy = 0F33642480773581DC0B57AD /* PBXContainerItemProxy */;
		};
/* End PBXTargetDependency section */

/* Begin XCBuildConfiguration section */
		0859A902495488D3E3CD0AE9 /* Release */ = {
			isa = XCBuildConfiguration;
			buildSettings = {
				ALWAYS_SEARCH_USER_PATHS = NO;
				ASSETCATALOG_COMPILER_GENERATE_ASSET_SYMBOL_EXTENSIONS = YES;
				CLANG_ANALYZER_NONNULL = YES;
				CLANG_ANALYZER_NUMBER_OBJECT_CONVERSION = YES_AGGRESSIVE;
				CLANG_CXX_LANGUAGE_STANDARD = "gnu++14";
				CLANG_CXX_LIBRARY = "libc++";
				CLANG_ENABLE_MODULES = YES;
				CLANG_ENABLE_OBJC_ARC = YES;
				CLANG_ENABLE_OBJC_WEAK = YES;
				CLANG_WARN_BLOCK_CAPTURE_AUTORELEASING = YES;
				CLANG_WARN_BOOL_CONVERSION = YES;
				CLANG_WARN_COMMA = YES;
				CLANG_WARN_CONSTANT_CONVERSION = YES;
				CLANG_WARN_DEPRECATED_OBJC_IMPLEMENTATIONS = YES;
				CLANG_WARN_DIRECT_OBJC_ISA_USAGE = YES_ERROR;
				CLANG_WARN_DOCUMENTATION_COMMENTS = YES;
				CLANG_WARN_EMPTY_BODY = YES;
				CLANG_WARN_ENUM_CONVERSION = YES;
				CLANG_WARN_INFINITE_RECURSION = YES;
				CLANG_WARN_INT_CONVERSION = YES;
				CLANG_WARN_NON_LITERAL_NULL_CONVERSION = YES;
				CLANG_WARN_OBJC_IMPLICIT_RETAIN_SELF = YES;
				CLANG_WARN_OBJC_LITERAL_CONVERSION = YES;
				CLANG_WARN_OBJC_ROOT_CLASS = YES_ERROR;
				CLANG_WARN_QUOTED_INCLUDE_IN_FRAMEWORK_HEADER = YES;
				CLANG_WARN_RANGE_LOOP_ANALYSIS = YES;
				CLANG_WARN_STRICT_PROTOTYPES = YES;
				CLANG_WARN_SUSPICIOUS_MOVE = YES;
				CLANG_WARN_UNGUARDED_AVAILABILITY = YES_AGGRESSIVE;
				CLANG_WARN_UNREACHABLE_CODE = YES;
				CLANG_WARN__DUPLICATE_METHOD_MATCH = YES;
				COPY_PHASE_STRIP = NO;
				DEBUG_INFORMATION_FORMAT = "dwarf-with-dsym";
				ENABLE_NS_ASSERTIONS = NO;
				ENABLE_STRICT_OBJC_MSGSEND = YES;
				ENABLE_USER_SCRIPT_SANDBOXING = NO;
				GCC_C_LANGUAGE_STANDARD = gnu11;
				GCC_NO_COMMON_BLOCKS = YES;
				GCC_WARN_64_TO_32_BIT_CONVERSION = YES;
				GCC_WARN_ABOUT_RETURN_TYPE = YES_ERROR;
				GCC_WARN_UNDECLARED_SELECTOR = YES;
				GCC_WARN_UNINITIALIZED_AUTOS = YES_AGGRESSIVE;
				GCC_WARN_UNUSED_FUNCTION = YES;
				GCC_WARN_UNUSED_VARIABLE = YES;
				IPHONEOS_DEPLOYMENT_TARGET = 26.0;
				MTL_ENABLE_DEBUG_INFO = NO;
				MTL_FAST_MATH = YES;
				PRODUCT_NAME = "$(TARGET_NAME)";
				SDKROOT = iphoneos;
				SWIFT_COMPILATION_MODE = wholemodule;
				SWIFT_EMIT_LOC_STRINGS = YES;
				SWIFT_OPTIMIZATION_LEVEL = "-O";
				SWIFT_VERSION = 6.0;
				TARGETED_DEVICE_FAMILY = 1;
			};
			name = Release;
		};
		0FC4DD5724871A8411A12789 /* Debug */ = {
			isa = XCBuildConfiguration;
			buildSettings = {
				BUNDLE_LOADER = "$(TEST_HOST)";
				GENERATE_INFOPLIST_FILE = YES;
				LD_RUNPATH_SEARCH_PATHS = (
					"$(inherited)",
					"@executable_path/Frameworks",
					"@loader_path/Frameworks",
				);
				PRODUCT_BUNDLE_IDENTIFIER = com.naoyawada.RoamTests;
				SDKROOT = iphoneos;
				TARGETED_DEVICE_FAMILY = "1,2";
				TEST_HOST = "$(BUILT_PRODUCTS_DIR)/Roam.app/$(BUNDLE_EXECUTABLE_FOLDER_PATH)/Roam";
			};
			name = Debug;
		};
		22E03742D3E234ED4878191C /* Debug */ = {
			isa = XCBuildConfiguration;
			buildSettings = {
				ALWAYS_SEARCH_USER_PATHS = NO;
				ASSETCATALOG_COMPILER_GENERATE_ASSET_SYMBOL_EXTENSIONS = YES;
				CLANG_ANALYZER_NONNULL = YES;
				CLANG_ANALYZER_NUMBER_OBJECT_CONVERSION = YES_AGGRESSIVE;
				CLANG_CXX_LANGUAGE_STANDARD = "gnu++14";
				CLANG_CXX_LIBRARY = "libc++";
				CLANG_ENABLE_MODULES = YES;
				CLANG_ENABLE_OBJC_ARC = YES;
				CLANG_ENABLE_OBJC_WEAK = YES;
				CLANG_WARN_BLOCK_CAPTURE_AUTORELEASING = YES;
				CLANG_WARN_BOOL_CONVERSION = YES;
				CLANG_WARN_COMMA = YES;
				CLANG_WARN_CONSTANT_CONVERSION = YES;
				CLANG_WARN_DEPRECATED_OBJC_IMPLEMENTATIONS = YES;
				CLANG_WARN_DIRECT_OBJC_ISA_USAGE = YES_ERROR;
				CLANG_WARN_DOCUMENTATION_COMMENTS = YES;
				CLANG_WARN_EMPTY_BODY = YES;
				CLANG_WARN_ENUM_CONVERSION = YES;
				CLANG_WARN_INFINITE_RECURSION = YES;
				CLANG_WARN_INT_CONVERSION = YES;
				CLANG_WARN_NON_LITERAL_NULL_CONVERSION = YES;
				CLANG_WARN_OBJC_IMPLICIT_RETAIN_SELF = YES;
				CLANG_WARN_OBJC_LITERAL_CONVERSION = YES;
				CLANG_WARN_OBJC_ROOT_CLASS = YES_ERROR;
				CLANG_WARN_QUOTED_INCLUDE_IN_FRAMEWORK_HEADER = YES;
				CLANG_WARN_RANGE_LOOP_ANALYSIS = YES;
				CLANG_WARN_STRICT_PROTOTYPES = YES;
				CLANG_WARN_SUSPICIOUS_MOVE = YES;
				CLANG_WARN_UNGUARDED_AVAILABILITY = YES_AGGRESSIVE;
				CLANG_WARN_UNREACHABLE_CODE = YES;
				CLANG_WARN__DUPLICATE_METHOD_MATCH = YES;
				COPY_PHASE_STRIP = NO;
				DEBUG_INFORMATION_FORMAT = dwarf;
				ENABLE_STRICT_OBJC_MSGSEND = YES;
				ENABLE_TESTABILITY = YES;
				ENABLE_USER_SCRIPT_SANDBOXING = NO;
				GCC_C_LANGUAGE_STANDARD = gnu11;
				GCC_DYNAMIC_NO_PIC = NO;
				GCC_NO_COMMON_BLOCKS = YES;
				GCC_OPTIMIZATION_LEVEL = 0;
				GCC_PREPROCESSOR_DEFINITIONS = (
					"$(inherited)",
					"DEBUG=1",
				);
				GCC_WARN_64_TO_32_BIT_CONVERSION = YES;
				GCC_WARN_ABOUT_RETURN_TYPE = YES_ERROR;
				GCC_WARN_UNDECLARED_SELECTOR = YES;
				GCC_WARN_UNINITIALIZED_AUTOS = YES_AGGRESSIVE;
				GCC_WARN_UNUSED_FUNCTION = YES;
				GCC_WARN_UNUSED_VARIABLE = YES;
				IPHONEOS_DEPLOYMENT_TARGET = 26.0;
				MTL_ENABLE_DEBUG_INFO = INCLUDE_SOURCE;
				MTL_FAST_MATH = YES;
				ONLY_ACTIVE_ARCH = YES;
				PRODUCT_NAME = "$(TARGET_NAME)";
				SDKROOT = iphoneos;
				SWIFT_ACTIVE_COMPILATION_CONDITIONS = DEBUG;
				SWIFT_EMIT_LOC_STRINGS = YES;
				SWIFT_OPTIMIZATION_LEVEL = "-Onone";
				SWIFT_VERSION = 6.0;
				TARGETED_DEVICE_FAMILY = 1;
			};
			name = Debug;
		};
		46A46E3B02B5A0809028CDBB /* Release */ = {
			isa = XCBuildConfiguration;
			buildSettings = {
				BUNDLE_LOADER = "$(TEST_HOST)";
				GENERATE_INFOPLIST_FILE = YES;
				LD_RUNPATH_SEARCH_PATHS = (
					"$(inherited)",
					"@executable_path/Frameworks",
					"@loader_path/Frameworks",
				);
				PRODUCT_BUNDLE_IDENTIFIER = com.naoyawada.RoamTests;
				SDKROOT = iphoneos;
				TARGETED_DEVICE_FAMILY = "1,2";
				TEST_HOST = "$(BUILT_PRODUCTS_DIR)/Roam.app/$(BUNDLE_EXECUTABLE_FOLDER_PATH)/Roam";
			};
			name = Release;
		};
		B1D65047A3913D5FD52140A6 /* Release */ = {
			isa = XCBuildConfiguration;
			baseConfigurationReference = DE7CBA279D973D46AF45F0DE /* BuildNumber.xcconfig */;
			buildSettings = {
				ASSETCATALOG_COMPILER_APPICON_NAME = AppIcon;
				ASSETCATALOG_COMPILER_GENERATE_ASSET_SYMBOL_EXTENSIONS = YES;
				CODE_SIGN_ENTITLEMENTS = Roam/Roam.entitlements;
				CODE_SIGN_IDENTITY = "iPhone Developer";
				DEVELOPMENT_TEAM = VSB9363427;
				GENERATE_INFOPLIST_FILE = YES;
				INFOPLIST_FILE = Roam/Info.plist;
				LD_RUNPATH_SEARCH_PATHS = (
					"$(inherited)",
					"@executable_path/Frameworks",
				);
				MARKETING_VERSION = 1.0.0;
				PRODUCT_BUNDLE_IDENTIFIER = com.naoyawada.roam;
				SDKROOT = iphoneos;
				SWIFT_EMIT_LOC_STRINGS = YES;
				TARGETED_DEVICE_FAMILY = "1,2";
			};
			name = Release;
		};
		C9491C470E6469D8702495FC /* Debug */ = {
			isa = XCBuildConfiguration;
			baseConfigurationReference = DE7CBA279D973D46AF45F0DE /* BuildNumber.xcconfig */;
			buildSettings = {
				ASSETCATALOG_COMPILER_APPICON_NAME = AppIcon;
				ASSETCATALOG_COMPILER_GENERATE_ASSET_SYMBOL_EXTENSIONS = YES;
				CODE_SIGN_ENTITLEMENTS = Roam/Roam.entitlements;
				CODE_SIGN_IDENTITY = "iPhone Developer";
				DEVELOPMENT_TEAM = VSB9363427;
				GENERATE_INFOPLIST_FILE = YES;
				INFOPLIST_FILE = Roam/Info.plist;
				LD_RUNPATH_SEARCH_PATHS = (
					"$(inherited)",
					"@executable_path/Frameworks",
				);
				MARKETING_VERSION = 1.0.0;
				PRODUCT_BUNDLE_IDENTIFIER = com.naoyawada.roam;
				SDKROOT = iphoneos;
				SWIFT_EMIT_LOC_STRINGS = YES;
				TARGETED_DEVICE_FAMILY = "1,2";
			};
			name = Debug;
		};
/* End XCBuildConfiguration section */

/* Begin XCConfigurationList section */
		737077FD0E13D691AA91C275 /* Build configuration list for PBXNativeTarget "Roam" */ = {
			isa = XCConfigurationList;
			buildConfigurations = (
				C9491C470E6469D8702495FC /* Debug */,
				B1D65047A3913D5FD52140A6 /* Release */,
			);
			defaultConfigurationIsVisible = 0;
			defaultConfigurationName = Debug;
		};
		CEABB1BC301B9627E62F06FE /* Build configuration list for PBXProject "Roam" */ = {
			isa = XCConfigurationList;
			buildConfigurations = (
				22E03742D3E234ED4878191C /* Debug */,
				0859A902495488D3E3CD0AE9 /* Release */,
			);
			defaultConfigurationIsVisible = 0;
			defaultConfigurationName = Debug;
		};
		FA17E718D4DFDB74D2BC8AFF /* Build configuration list for PBXNativeTarget "RoamTests" */ = {
			isa = XCConfigurationList;
			buildConfigurations = (
				0FC4DD5724871A8411A12789 /* Debug */,
				46A46E3B02B5A0809028CDBB /* Release */,
			);
			defaultConfigurationIsVisible = 0;
			defaultConfigurationName = Debug;
		};
/* End XCConfigurationList section */
	};
	rootObject = 202E4D1F048AE05A40C0E322 /* Project object */;
}
